
Microsoft Visual Studio Solution File, Format Version 12.00
# Visual Studio Version 16
VisualStudioVersion = 16.0.31402.337
MinimumVisualStudioVersion = 10.0.40219.1
Project("{9A19103F-16F7-4668-BE54-9A1E7A4F7556}") = "ElectronicsDB", "ElectronicsDB\ElectronicsDB.csproj", "{C22EBCAC-FB0E-45EE-A393-BB287F0555FA}"
EndProject
Project("{9A19103F-16F7-4668-BE54-9A1E7A4F7556}") = "ClassLibraryApp", "ClassLibraryApp\ClassLibraryApp.csproj", "{EC5D8E25-233B-400A-B6ED-691542D5EFC0}"
EndProject
Project("{9A19103F-16F7-4668-BE54-9A1E7A4F7556}") = "MySQL", "MySQL\MySQL.csproj", "{52A64351-7713-4878-AA0F-2DC693B5AE28}"
EndProject
Global
	GlobalSection(SolutionConfigurationPlatforms) = preSolution
		Debug|Any CPU = Debug|Any CPU
		Release|Any CPU = Release|Any CPU
	EndGlobalSection
	GlobalSection(ProjectConfigurationPlatforms) = postSolution
		{C22EBCAC-FB0E-45EE-A393-BB287F0555FA}.Debug|Any CPU.ActiveCfg = Debug|Any CPU
		{C22EBCAC-FB0E-45EE-A393-BB287F0555FA}.Debug|Any CPU.Build.0 = Debug|Any CPU
		{C22EBCAC-FB0E-45EE-A393-BB287F0555FA}.Release|Any CPU.ActiveCfg = Release|Any CPU
		{C22EBCAC-FB0E-45EE-A393-BB287F0555FA}.Release|Any CPU.Build.0 = Release|Any CPU
		{EC5D8E25-233B-400A-B6ED-691542D5EFC0}.Debug|Any CPU.ActiveCfg = Debug|Any CPU
		{EC5D8E25-233B-400A-B6ED-691542D5EFC0}.Debug|Any CPU.Build.0 = Debug|Any CPU
		{EC5D8E25-233B-400A-B6ED-691542D5EFC0}.Release|Any CPU.ActiveCfg = Release|Any CPU
		{EC5D8E25-233B-400A-B6ED-691542D5EFC0}.Release|Any CPU.Build.0 = Release|Any CPU
		{52A64351-7713-4878-AA0F-2DC693B5AE28}.Debug|Any CPU.ActiveCfg = Debug|Any CPU
		{52A64351-7713-4878-AA0F-2DC693B5AE28}.Debug|Any CPU.Build.0 = Debug|Any CPU
		{52A64351-7713-4878-AA0F-2DC693B5AE28}.Release|Any CPU.ActiveCfg = Release|Any CPU
		{52A64351-7713-4878-AA0F-2DC693B5AE28}.Release|Any CPU.Build.0 = Release|Any CPU
	EndGlobalSection
	GlobalSection(SolutionProperties) = preSolution
		HideSolutionNode = FALSE
	EndGlobalSection
	GlobalSection(ExtensibilityGlobals) = postSolution
		SolutionGuid = {FF4E9150-5838-46E4-8917-4CE137B1BA2D}
	EndGlobalSection
EndGlobal
